{
  "version": "5",
  "specifiers": {
    "jsr:@std/path@1": "1.1.0"
  },
  "jsr": {
    "@std/path@1.1.0": {
      "integrity": "ddc94f8e3c275627281cbc23341df6b8bcc874d70374f75fec2533521e3d6886"
    }
  },
  "workspace": {
    "packageJson": {
      "dependencies": [
        "npm:@floating-ui/dom@^1.7.5",
        "npm:@iconify-json/tabler@^1.2.26",
        "npm:@kucrut/vite-for-wp@0.12",
        "npm:@svgr/core@^8.1.0",
        "npm:@svgr/plugin-jsx@^8.1.0",
        "npm:@vitejs/plugin-react@^5.1.2",
        "npm:@vitejs/plugin-vue-jsx@^5.1.3",
        "npm:@vitejs/plugin-vue@^6.0.3",
        "npm:@wordpress/block-editor@^15.12.0",
        "npm:@wordpress/blocks@^15.12.0",
        "npm:@wordpress/components@^32.1.0",
        "npm:@wordpress/element@^6.39.0",
        "npm:@wordpress/i18n@^6.12.0",
        "npm:idb-keyval@^6.2.2",
        "npm:memfs@^4.56.10",
        "npm:react-dom@^19.2.4",
        "npm:react@^19.2.4",
        "npm:rollup-plugin-external-globals@0.13",
        "npm:sass-embedded@^1.97.3",
        "npm:unplugin-icons@^23.0.1",
        "npm:vite-plugin-external@^6.2.2",
        "npm:vite-plugin-node-polyfills@0.25",
        "npm:vite-plugin-static-copy@^3.2.0",
        "npm:vite-plugin-svgr@^4.5.0",
        "npm:vite@8.0.0-beta.11"
      ]
    }
  }
}
